{
  "name": "shades-of-apple",
  "version": "0.0.1",
  "lockfileVersion": 2,
  "requires": true,
  "packages": {
    "": {
      "name": "shades-of-apple",
      "version": "0.0.1",
      "license": "MIT",
      "devDependencies": {
        "@types/node": "^17.0.23",
        "typescript": "^4.6.3",
        "vscode-theme-generator": "*"
      },
      "engines": {
        "vscode": "^1.11.0"
      }
    },
    "node_modules/@types/node": {
      "version": "17.0.23",
      "resolved": "https://registry.npmjs.org/@types/node/-/node-17.0.23.tgz",
      "integrity": "sha512-UxDxWn7dl97rKVeVS61vErvw086aCYhDLyvRQZ5Rk65rZKepaFdm53GeqXaKBuOhED4e9uWq34IC3TdSdJJ2Gw==",
      "dev": true
    },
    "node_modules/typescript": {
      "version": "4.6.3",
      "resolved": "https://registry.npmjs.org/typescript/-/typescript-4.6.3.tgz",
      "integrity": "sha512-yNIatDa5iaofVozS/uQJEl3JRWLKKGJKh6Yaiv0GLGSuhpFJe7P3SbHZ8/yjAHRQwKRoA6YZqlfjXWmVzoVSMw==",
      "dev": true,
      "bin": {
        "tsc": "bin/tsc",
        "tsserver": "bin/tsserver"
      },
      "engines": {
        "node": ">=4.2.0"
      }
    },
    "node_modules/vscode-theme-generator": {
      "version": "0.2.1",
      "resolved": "https://registry.npmjs.org/vscode-theme-generator/-/vscode-theme-generator-0.2.1.tgz",
      "integrity": "sha512-LAj/9Sy0ag0ZlUoTLpFZdnc/4GaEBsB8Fo1cDp9cttlT1vcbM0vUnyiwm4KmNwjtz8dJVJo3VIXqAehCRXlcxA==",
      "dev": true
    }
  },
  "dependencies": {
    "@types/node": {
      "version": "17.0.23",
      "resolved": "https://registry.npmjs.org/@types/node/-/node-17.0.23.tgz",
      "integrity": "sha512-UxDxWn7dl97rKVeVS61vErvw086aCYhDLyvRQZ5Rk65rZKepaFdm53GeqXaKBuOhED4e9uWq34IC3TdSdJJ2Gw==",
      "dev": true
    },
    "typescript": {
      "version": "4.6.3",
      "resolved": "https://registry.npmjs.org/typescript/-/typescript-4.6.3.tgz",
      "integrity": "sha512-yNIatDa5iaofVozS/uQJEl3JRWLKKGJKh6Yaiv0GLGSuhpFJe7P3SbHZ8/yjAHRQwKRoA6YZqlfjXWmVzoVSMw==",
      "dev": true
    },
    "vscode-theme-generator": {
      "version": "0.2.1",
      "resolved": "https://registry.npmjs.org/vscode-theme-generator/-/vscode-theme-generator-0.2.1.tgz",
      "integrity": "sha512-LAj/9Sy0ag0ZlUoTLpFZdnc/4GaEBsB8Fo1cDp9cttlT1vcbM0vUnyiwm4KmNwjtz8dJVJo3VIXqAehCRXlcxA==",
      "dev": true
    }
  }
}
